
Microsoft Visual Studio Solution File, Format Version 12.00
# Visual Studio Version 17
VisualStudioVersion = 17.3.32929.385
MinimumVisualStudioVersion = 10.0.40219.1
Project("{9A19103F-16F7-4668-BE54-9A1E7A4F7556}") = "SecondDay", "SecondDay\SecondDay.csproj", "{093152DE-31BA-4AE6-9608-A13A6E4E1CC5}"
EndProject
Project("{9A19103F-16F7-4668-BE54-9A1E7A4F7556}") = "FirstDay", "FirstDay\FirstDay.csproj", "{874409FF-EB0B-44EF-92AA-C079B34F82B4}"
EndProject
Project("{9A19103F-16F7-4668-BE54-9A1E7A4F7556}") = "ThirdDay", "ThirdDay\ThirdDay.csproj", "{0DF4AAA8-4D87-47CE-AE41-EDC24BDBF659}"
EndProject
Project("{9A19103F-16F7-4668-BE54-9A1E7A4F7556}") = "FourthDay", "FourthDay\FourthDay.csproj", "{09BE4EAC-FB21-4940-B33C-BC0A3DBE737E}"
EndProject
Project("{9A19103F-16F7-4668-BE54-9A1E7A4F7556}") = "FifthDay", "FifthDay\FifthDay.csproj", "{68236653-BA68-4037-9757-1563F9161B34}"
	ProjectSection(ProjectDependencies) = postProject
		{52E866E1-B2A7-41C3-8F55-4A064710293A} = {52E866E1-B2A7-41C3-8F55-4A064710293A}
	EndProjectSection
EndProject
Project("{9A19103F-16F7-4668-BE54-9A1E7A4F7556}") = "Common", "Common\Common.csproj", "{52E866E1-B2A7-41C3-8F55-4A064710293A}"
EndProject
Project("{9A19103F-16F7-4668-BE54-9A1E7A4F7556}") = "SixthDay", "SixthDay\SixthDay.csproj", "{FA065746-26EB-44A5-B815-C0445E204E0C}"
EndProject
Project("{9A19103F-16F7-4668-BE54-9A1E7A4F7556}") = "SeventhDay", "SeventhDay\SeventhDay.csproj", "{DEBDEF82-64D7-4ED0-A5C3-C186BBE0D922}"
EndProject
Project("{9A19103F-16F7-4668-BE54-9A1E7A4F7556}") = "EighthDay", "EighthDay\EighthDay.csproj", "{C322AD32-665A-4549-839D-418CD15E2661}"
EndProject
Project("{9A19103F-16F7-4668-BE54-9A1E7A4F7556}") = "NinthDay", "NinthDay\NinthDay.csproj", "{721BD0C2-C91E-4A61-8BB3-F1474BEC43B3}"
EndProject
Project("{9A19103F-16F7-4668-BE54-9A1E7A4F7556}") = "TenthDay", "TenthDay\TenthDay.csproj", "{947E40DE-26BF-44C3-B0E7-013E1DA81FBA}"
EndProject
Project("{9A19103F-16F7-4668-BE54-9A1E7A4F7556}") = "EleventhDay", "EleventhDay\EleventhDay.csproj", "{D678158F-16C2-4612-9131-29ABA6313F8F}"
EndProject
Project("{9A19103F-16F7-4668-BE54-9A1E7A4F7556}") = "TwelfthDay", "TwelfthDay\TwelfthDay.csproj", "{17E74109-4051-4EFA-8995-095065ACF7A0}"
EndProject
Project("{9A19103F-16F7-4668-BE54-9A1E7A4F7556}") = "ThirteenthDay", "ThirteenthDay\ThirteenthDay.csproj", "{DF7FE00C-8444-45C6-B32B-43AF707C690F}"
EndProject
Project("{9A19103F-16F7-4668-BE54-9A1E7A4F7556}") = "FourteenthDay", "FourteenthDay\FourteenthDay.csproj", "{EC7607E1-1557-4C3A-9A13-888FE18C7F2B}"
EndProject
Project("{9A19103F-16F7-4668-BE54-9A1E7A4F7556}") = "FifteenthDay", "FifteenthDay\FifteenthDay.csproj", "{A396E6EA-D235-4C71-940F-286D2B09AECF}"
EndProject
Project("{9A19103F-16F7-4668-BE54-9A1E7A4F7556}") = "SixteenthDay", "SixteenthDay\SixteenthDay.csproj", "{A17A4A44-E71A-4177-B005-27C90C406C54}"
EndProject
Project("{9A19103F-16F7-4668-BE54-9A1E7A4F7556}") = "SeventeenthDay", "SeventeenthDay\SeventeenthDay.csproj", "{98AA88AA-C00E-4611-BD13-826DB1E824CC}"
EndProject
Project("{FAE04EC0-301F-11D3-BF4B-00C04F79EFBC}") = "EighteenthDay", "EighteenthDay\EighteenthDay.csproj", "{B719F131-8E31-4A69-BF7D-7532D33C2CB5}"
EndProject
Global
	GlobalSection(SolutionConfigurationPlatforms) = preSolution
		Debug|Any CPU = Debug|Any CPU
		Release|Any CPU = Release|Any CPU
	EndGlobalSection
	GlobalSection(ProjectConfigurationPlatforms) = postSolution
		{093152DE-31BA-4AE6-9608-A13A6E4E1CC5}.Debug|Any CPU.ActiveCfg = Debug|Any CPU
		{093152DE-31BA-4AE6-9608-A13A6E4E1CC5}.Debug|Any CPU.Build.0 = Debug|Any CPU
		{093152DE-31BA-4AE6-9608-A13A6E4E1CC5}.Release|Any CPU.ActiveCfg = Release|Any CPU
		{093152DE-31BA-4AE6-9608-A13A6E4E1CC5}.Release|Any CPU.Build.0 = Release|Any CPU
		{874409FF-EB0B-44EF-92AA-C079B34F82B4}.Debug|Any CPU.ActiveCfg = Debug|Any CPU
		{874409FF-EB0B-44EF-92AA-C079B34F82B4}.Debug|Any CPU.Build.0 = Debug|Any CPU
		{874409FF-EB0B-44EF-92AA-C079B34F82B4}.Release|Any CPU.ActiveCfg = Release|Any CPU
		{874409FF-EB0B-44EF-92AA-C079B34F82B4}.Release|Any CPU.Build.0 = Release|Any CPU
		{0DF4AAA8-4D87-47CE-AE41-EDC24BDBF659}.Debug|Any CPU.ActiveCfg = Debug|Any CPU
		{0DF4AAA8-4D87-47CE-AE41-EDC24BDBF659}.Debug|Any CPU.Build.0 = Debug|Any CPU
		{0DF4AAA8-4D87-47CE-AE41-EDC24BDBF659}.Release|Any CPU.ActiveCfg = Release|Any CPU
		{0DF4AAA8-4D87-47CE-AE41-EDC24BDBF659}.Release|Any CPU.Build.0 = Release|Any CPU
		{09BE4EAC-FB21-4940-B33C-BC0A3DBE737E}.Debug|Any CPU.ActiveCfg = Debug|Any CPU
		{09BE4EAC-FB21-4940-B33C-BC0A3DBE737E}.Debug|Any CPU.Build.0 = Debug|Any CPU
		{09BE4EAC-FB21-4940-B33C-BC0A3DBE737E}.Release|Any CPU.ActiveCfg = Release|Any CPU
		{09BE4EAC-FB21-4940-B33C-BC0A3DBE737E}.Release|Any CPU.Build.0 = Release|Any CPU
		{68236653-BA68-4037-9757-1563F9161B34}.Debug|Any CPU.ActiveCfg = Debug|Any CPU
		{68236653-BA68-4037-9757-1563F9161B34}.Debug|Any CPU.Build.0 = Debug|Any CPU
		{68236653-BA68-4037-9757-1563F9161B34}.Release|Any CPU.ActiveCfg = Release|Any CPU
		{68236653-BA68-4037-9757-1563F9161B34}.Release|Any CPU.Build.0 = Release|Any CPU
		{52E866E1-B2A7-41C3-8F55-4A064710293A}.Debug|Any CPU.ActiveCfg = Debug|Any CPU
		{52E866E1-B2A7-41C3-8F55-4A064710293A}.Debug|Any CPU.Build.0 = Debug|Any CPU
		{52E866E1-B2A7-41C3-8F55-4A064710293A}.Release|Any CPU.ActiveCfg = Release|Any CPU
		{52E866E1-B2A7-41C3-8F55-4A064710293A}.Release|Any CPU.Build.0 = Release|Any CPU
		{FA065746-26EB-44A5-B815-C0445E204E0C}.Debug|Any CPU.ActiveCfg = Debug|Any CPU
		{FA065746-26EB-44A5-B815-C0445E204E0C}.Debug|Any CPU.Build.0 = Debug|Any CPU
		{FA065746-26EB-44A5-B815-C0445E204E0C}.Release|Any CPU.ActiveCfg = Release|Any CPU
		{FA065746-26EB-44A5-B815-C0445E204E0C}.Release|Any CPU.Build.0 = Release|Any CPU
		{DEBDEF82-64D7-4ED0-A5C3-C186BBE0D922}.Debug|Any CPU.ActiveCfg = Debug|Any CPU
		{DEBDEF82-64D7-4ED0-A5C3-C186BBE0D922}.Debug|Any CPU.Build.0 = Debug|Any CPU
		{DEBDEF82-64D7-4ED0-A5C3-C186BBE0D922}.Release|Any CPU.ActiveCfg = Release|Any CPU
		{DEBDEF82-64D7-4ED0-A5C3-C186BBE0D922}.Release|Any CPU.Build.0 = Release|Any CPU
		{C322AD32-665A-4549-839D-418CD15E2661}.Debug|Any CPU.ActiveCfg = Debug|Any CPU
		{C322AD32-665A-4549-839D-418CD15E2661}.Debug|Any CPU.Build.0 = Debug|Any CPU
		{C322AD32-665A-4549-839D-418CD15E2661}.Release|Any CPU.ActiveCfg = Release|Any CPU
		{C322AD32-665A-4549-839D-418CD15E2661}.Release|Any CPU.Build.0 = Release|Any CPU
		{721BD0C2-C91E-4A61-8BB3-F1474BEC43B3}.Debug|Any CPU.ActiveCfg = Debug|Any CPU
		{721BD0C2-C91E-4A61-8BB3-F1474BEC43B3}.Debug|Any CPU.Build.0 = Debug|Any CPU
		{721BD0C2-C91E-4A61-8BB3-F1474BEC43B3}.Release|Any CPU.ActiveCfg = Release|Any CPU
		{721BD0C2-C91E-4A61-8BB3-F1474BEC43B3}.Release|Any CPU.Build.0 = Release|Any CPU
		{947E40DE-26BF-44C3-B0E7-013E1DA81FBA}.Debug|Any CPU.ActiveCfg = Debug|Any CPU
		{947E40DE-26BF-44C3-B0E7-013E1DA81FBA}.Debug|Any CPU.Build.0 = Debug|Any CPU
		{947E40DE-26BF-44C3-B0E7-013E1DA81FBA}.Release|Any CPU.ActiveCfg = Release|Any CPU
		{947E40DE-26BF-44C3-B0E7-013E1DA81FBA}.Release|Any CPU.Build.0 = Release|Any CPU
		{D678158F-16C2-4612-9131-29ABA6313F8F}.Debug|Any CPU.ActiveCfg = Debug|Any CPU
		{D678158F-16C2-4612-9131-29ABA6313F8F}.Debug|Any CPU.Build.0 = Debug|Any CPU
		{D678158F-16C2-4612-9131-29ABA6313F8F}.Release|Any CPU.ActiveCfg = Release|Any CPU
		{D678158F-16C2-4612-9131-29ABA6313F8F}.Release|Any CPU.Build.0 = Release|Any CPU
		{17E74109-4051-4EFA-8995-095065ACF7A0}.Debug|Any CPU.ActiveCfg = Debug|Any CPU
		{17E74109-4051-4EFA-8995-095065ACF7A0}.Debug|Any CPU.Build.0 = Debug|Any CPU
		{17E74109-4051-4EFA-8995-095065ACF7A0}.Release|Any CPU.ActiveCfg = Release|Any CPU
		{17E74109-4051-4EFA-8995-095065ACF7A0}.Release|Any CPU.Build.0 = Release|Any CPU
		{DF7FE00C-8444-45C6-B32B-43AF707C690F}.Debug|Any CPU.ActiveCfg = Debug|Any CPU
		{DF7FE00C-8444-45C6-B32B-43AF707C690F}.Debug|Any CPU.Build.0 = Debug|Any CPU
		{DF7FE00C-8444-45C6-B32B-43AF707C690F}.Release|Any CPU.ActiveCfg = Release|Any CPU
		{DF7FE00C-8444-45C6-B32B-43AF707C690F}.Release|Any CPU.Build.0 = Release|Any CPU
		{EC7607E1-1557-4C3A-9A13-888FE18C7F2B}.Debug|Any CPU.ActiveCfg = Debug|Any CPU
		{EC7607E1-1557-4C3A-9A13-888FE18C7F2B}.Debug|Any CPU.Build.0 = Debug|Any CPU
		{EC7607E1-1557-4C3A-9A13-888FE18C7F2B}.Release|Any CPU.ActiveCfg = Release|Any CPU
		{EC7607E1-1557-4C3A-9A13-888FE18C7F2B}.Release|Any CPU.Build.0 = Release|Any CPU
		{A396E6EA-D235-4C71-940F-286D2B09AECF}.Debug|Any CPU.ActiveCfg = Debug|Any CPU
		{A396E6EA-D235-4C71-940F-286D2B09AECF}.Debug|Any CPU.Build.0 = Debug|Any CPU
		{A396E6EA-D235-4C71-940F-286D2B09AECF}.Release|Any CPU.ActiveCfg = Release|Any CPU
		{A396E6EA-D235-4C71-940F-286D2B09AECF}.Release|Any CPU.Build.0 = Release|Any CPU
		{A17A4A44-E71A-4177-B005-27C90C406C54}.Debug|Any CPU.ActiveCfg = Debug|Any CPU
		{A17A4A44-E71A-4177-B005-27C90C406C54}.Debug|Any CPU.Build.0 = Debug|Any CPU
		{A17A4A44-E71A-4177-B005-27C90C406C54}.Release|Any CPU.ActiveCfg = Release|Any CPU
		{A17A4A44-E71A-4177-B005-27C90C406C54}.Release|Any CPU.Build.0 = Release|Any CPU
		{98AA88AA-C00E-4611-BD13-826DB1E824CC}.Debug|Any CPU.ActiveCfg = Debug|Any CPU
		{98AA88AA-C00E-4611-BD13-826DB1E824CC}.Debug|Any CPU.Build.0 = Debug|Any CPU
		{98AA88AA-C00E-4611-BD13-826DB1E824CC}.Release|Any CPU.ActiveCfg = Release|Any CPU
		{98AA88AA-C00E-4611-BD13-826DB1E824CC}.Release|Any CPU.Build.0 = Release|Any CPU
		{B719F131-8E31-4A69-BF7D-7532D33C2CB5}.Debug|Any CPU.ActiveCfg = Debug|Any CPU
		{B719F131-8E31-4A69-BF7D-7532D33C2CB5}.Debug|Any CPU.Build.0 = Debug|Any CPU
		{B719F131-8E31-4A69-BF7D-7532D33C2CB5}.Release|Any CPU.ActiveCfg = Release|Any CPU
		{B719F131-8E31-4A69-BF7D-7532D33C2CB5}.Release|Any CPU.Build.0 = Release|Any CPU
	EndGlobalSection
	GlobalSection(SolutionProperties) = preSolution
		HideSolutionNode = FALSE
	EndGlobalSection
	GlobalSection(ExtensibilityGlobals) = postSolution
		SolutionGuid = {D62A63C8-E1CB-4736-9765-4FB55C9C1D90}
	EndGlobalSection
EndGlobal
